
Microsoft Visual Studio Solution File, Format Version 12.00
# Visual Studio Version 17
VisualStudioVersion = 17.0.31903.59
MinimumVisualStudioVersion = 10.0.40219.1
Project("{2150E333-8FDC-42A3-9474-1A3956D46DE8}") = "src", "src", "{827E0CD3-B72D-47B6-A68D-7590B98EB39B}"
EndProject
Project("{FAE04EC0-301F-11D3-BF4B-00C04F79EFBC}") = "LinkMeet.Domain", "src\LinkMeet.Domain\LinkMeet.Domain.csproj", "{B7C185DD-81F6-41A1-A7E6-83BBA3F8CD8A}"
EndProject
Project("{FAE04EC0-301F-11D3-BF4B-00C04F79EFBC}") = "LinkMeet.Application", "src\LinkMeet.Application\LinkMeet.Application.csproj", "{9540375C-5244-43B2-B0EF-495580015DA1}"
EndProject
Project("{FAE04EC0-301F-11D3-BF4B-00C04F79EFBC}") = "LinkMeet.Infrastructure", "src\LinkMeet.Infrastructure\LinkMeet.Infrastructure.csproj", "{FFFF969F-37E3-46F9-80B1-4DDC4E34C470}"
EndProject
Project("{FAE04EC0-301F-11D3-BF4B-00C04F79EFBC}") = "LinkMeet.API", "src\LinkMeet.API\LinkMeet.API.csproj", "{790E8DCB-D63F-490C-9FA0-2F524B295C34}"
EndProject
Global
	GlobalSection(SolutionConfigurationPlatforms) = preSolution
		Debug|Any CPU = Debug|Any CPU
		Debug|x64 = Debug|x64
		Debug|x86 = Debug|x86
		Release|Any CPU = Release|Any CPU
		Release|x64 = Release|x64
		Release|x86 = Release|x86
	EndGlobalSection
	GlobalSection(ProjectConfigurationPlatforms) = postSolution
		{B7C185DD-81F6-41A1-A7E6-83BBA3F8CD8A}.Debug|Any CPU.ActiveCfg = Debug|Any CPU
		{B7C185DD-81F6-41A1-A7E6-83BBA3F8CD8A}.Debug|Any CPU.Build.0 = Debug|Any CPU
		{B7C185DD-81F6-41A1-A7E6-83BBA3F8CD8A}.Debug|x64.ActiveCfg = Debug|Any CPU
		{B7C185DD-81F6-41A1-A7E6-83BBA3F8CD8A}.Debug|x64.Build.0 = Debug|Any CPU
		{B7C185DD-81F6-41A1-A7E6-83BBA3F8CD8A}.Debug|x86.ActiveCfg = Debug|Any CPU
		{B7C185DD-81F6-41A1-A7E6-83BBA3F8CD8A}.Debug|x86.Build.0 = Debug|Any CPU
		{B7C185DD-81F6-41A1-A7E6-83BBA3F8CD8A}.Release|Any CPU.ActiveCfg = Release|Any CPU
		{B7C185DD-81F6-41A1-A7E6-83BBA3F8CD8A}.Release|Any CPU.Build.0 = Release|Any CPU
		{B7C185DD-81F6-41A1-A7E6-83BBA3F8CD8A}.Release|x64.ActiveCfg = Release|Any CPU
		{B7C185DD-81F6-41A1-A7E6-83BBA3F8CD8A}.Release|x64.Build.0 = Release|Any CPU
		{B7C185DD-81F6-41A1-A7E6-83BBA3F8CD8A}.Release|x86.ActiveCfg = Release|Any CPU
		{B7C185DD-81F6-41A1-A7E6-83BBA3F8CD8A}.Release|x86.Build.0 = Release|Any CPU
		{9540375C-5244-43B2-B0EF-495580015DA1}.Debug|Any CPU.ActiveCfg = Debug|Any CPU
		{9540375C-5244-43B2-B0EF-495580015DA1}.Debug|Any CPU.Build.0 = Debug|Any CPU
		{9540375C-5244-43B2-B0EF-495580015DA1}.Debug|x64.ActiveCfg = Debug|Any CPU
		{9540375C-5244-43B2-B0EF-495580015DA1}.Debug|x64.Build.0 = Debug|Any CPU
		{9540375C-5244-43B2-B0EF-495580015DA1}.Debug|x86.ActiveCfg = Debug|Any CPU
		{9540375C-5244-43B2-B0EF-495580015DA1}.Debug|x86.Build.0 = Debug|Any CPU
		{9540375C-5244-43B2-B0EF-495580015DA1}.Release|Any CPU.ActiveCfg = Release|Any CPU
		{9540375C-5244-43B2-B0EF-495580015DA1}.Release|Any CPU.Build.0 = Release|Any CPU
		{9540375C-5244-43B2-B0EF-495580015DA1}.Release|x64.ActiveCfg = Release|Any CPU
		{9540375C-5244-43B2-B0EF-495580015DA1}.Release|x64.Build.0 = Release|Any CPU
		{9540375C-5244-43B2-B0EF-495580015DA1}.Release|x86.ActiveCfg = Release|Any CPU
		{9540375C-5244-43B2-B0EF-495580015DA1}.Release|x86.Build.0 = Release|Any CPU
		{FFFF969F-37E3-46F9-80B1-4DDC4E34C470}.Debug|Any CPU.ActiveCfg = Debug|Any CPU
		{FFFF969F-37E3-46F9-80B1-4DDC4E34C470}.Debug|Any CPU.Build.0 = Debug|Any CPU
		{FFFF969F-37E3-46F9-80B1-4DDC4E34C470}.Debug|x64.ActiveCfg = Debug|Any CPU
		{FFFF969F-37E3-46F9-80B1-4DDC4E34C470}.Debug|x64.Build.0 = Debug|Any CPU
		{FFFF969F-37E3-46F9-80B1-4DDC4E34C470}.Debug|x86.ActiveCfg = Debug|Any CPU
		{FFFF969F-37E3-46F9-80B1-4DDC4E34C470}.Debug|x86.Build.0 = Debug|Any CPU
		{FFFF969F-37E3-46F9-80B1-4DDC4E34C470}.Release|Any CPU.ActiveCfg = Release|Any CPU
		{FFFF969F-37E3-46F9-80B1-4DDC4E34C470}.Release|Any CPU.Build.0 = Release|Any CPU
		{FFFF969F-37E3-46F9-80B1-4DDC4E34C470}.Release|x64.ActiveCfg = Release|Any CPU
		{FFFF969F-37E3-46F9-80B1-4DDC4E34C470}.Release|x64.Build.0 = Release|Any CPU
		{FFFF969F-37E3-46F9-80B1-4DDC4E34C470}.Release|x86.ActiveCfg = Release|Any CPU
		{FFFF969F-37E3-46F9-80B1-4DDC4E34C470}.Release|x86.Build.0 = Release|Any CPU
		{790E8DCB-D63F-490C-9FA0-2F524B295C34}.Debug|Any CPU.ActiveCfg = Debug|Any CPU
		{790E8DCB-D63F-490C-9FA0-2F524B295C34}.Debug|Any CPU.Build.0 = Debug|Any CPU
		{790E8DCB-D63F-490C-9FA0-2F524B295C34}.Debug|x64.ActiveCfg = Debug|Any CPU
		{790E8DCB-D63F-490C-9FA0-2F524B295C34}.Debug|x64.Build.0 = Debug|Any CPU
		{790E8DCB-D63F-490C-9FA0-2F524B295C34}.Debug|x86.ActiveCfg = Debug|Any CPU
		{790E8DCB-D63F-490C-9FA0-2F524B295C34}.Debug|x86.Build.0 = Debug|Any CPU
		{790E8DCB-D63F-490C-9FA0-2F524B295C34}.Release|Any CPU.ActiveCfg = Release|Any CPU
		{790E8DCB-D63F-490C-9FA0-2F524B295C34}.Release|Any CPU.Build.0 = Release|Any CPU
		{790E8DCB-D63F-490C-9FA0-2F524B295C34}.Release|x64.ActiveCfg = Release|Any CPU
		{790E8DCB-D63F-490C-9FA0-2F524B295C34}.Release|x64.Build.0 = Release|Any CPU
		{790E8DCB-D63F-490C-9FA0-2F524B295C34}.Release|x86.ActiveCfg = Release|Any CPU
		{790E8DCB-D63F-490C-9FA0-2F524B295C34}.Release|x86.Build.0 = Release|Any CPU
	EndGlobalSection
	GlobalSection(SolutionProperties) = preSolution
		HideSolutionNode = FALSE
	EndGlobalSection
	GlobalSection(NestedProjects) = preSolution
		{B7C185DD-81F6-41A1-A7E6-83BBA3F8CD8A} = {827E0CD3-B72D-47B6-A68D-7590B98EB39B}
		{9540375C-5244-43B2-B0EF-495580015DA1} = {827E0CD3-B72D-47B6-A68D-7590B98EB39B}
		{FFFF969F-37E3-46F9-80B1-4DDC4E34C470} = {827E0CD3-B72D-47B6-A68D-7590B98EB39B}
		{790E8DCB-D63F-490C-9FA0-2F524B295C34} = {827E0CD3-B72D-47B6-A68D-7590B98EB39B}
	EndGlobalSection
EndGlobal
